// !$*UTF8*$!
{
	archiveVersion = 1;
	classes = {
	};
	objectVersion = 77;
	objects = {

/* Begin PBXBuildFile section */
		03FEAE8A6D0A69A0E0CA7752 /* SignalTrendsView.swift in Sources */ = {isa = PBXBuildFile; fileRef = F5A80D765AD2DE5EC87EF06E /* SignalTrendsView.swift */; };
		06A9C79F1F48FDD275E10469 /* SpeedTestViewModel.swift in Sources */ = {isa = PBXBuildFile; fileRef = 8C699E25105D25DD7C8F69F0 /* SpeedTestViewModel.swift */; };
		0C44E8F4FA365180EEC9B575 /* KeyFlowsUITests.swift in Sources */ = {isa = PBXBuildFile; fileRef = 27E8B13F25EC63481CB6A072 /* KeyFlowsUITests.swift */; };
		3F7A4D410EDC2F884D10C45B /* PopulatedFlowsUITests.swift in Sources */ = {isa = PBXBuildFile; fileRef = 4FE8A42F4106F2062F8439EF /* PopulatedFlowsUITests.swift */; };
		0F6F3A282F8DF0D200980C7F /* CoverageAnalysis.swift in Sources */ = {isa = PBXBuildFile; fileRef = 0F6F3A272F8DF0D200980C7F /* CoverageAnalysis.swift */; };
		0F6F3A2A2F8DF11D00980C7F /* CoveragePlanningService.swift in Sources */ = {isa = PBXBuildFile; fileRef = 0F6F3A292F8DF11D00980C7F /* CoveragePlanningService.swift */; };
		0F6F3A2E2F8DF16B00980C7F /* MultiFloorDeadZoneView.swift in Sources */ = {isa = PBXBuildFile; fileRef = 0F6F3A2C2F8DF16B00980C7F /* MultiFloorDeadZoneView.swift */; };
		0F6F3A2F2F8DF16B00980C7F /* CoveragePlannerView.swift in Sources */ = {isa = PBXBuildFile; fileRef = 0F6F3A2B2F8DF16B00980C7F /* CoveragePlannerView.swift */; };
		103F96BBD54B81F948044B2C /* RoomDetailView.swift in Sources */ = {isa = PBXBuildFile; fileRef = 1A8D6342C13999B1A74DC029 /* RoomDetailView.swift */; };
		10D16D0A86B9005770C5EFC3 /* ARKit.framework in Frameworks */ = {isa = PBXBuildFile; fileRef = 77BCAB5958706666F52B1E94 /* ARKit.framework */; };
		1405F993291878E28990466D /* SubscriptionManager.swift in Sources */ = {isa = PBXBuildFile; fileRef = 2006FD311BDA1127F7DA2526 /* SubscriptionManager.swift */; };
		14AB5A23826BAC68767BACDB /* PrivacyInfo.xcprivacy in Resources */ = {isa = PBXBuildFile; fileRef = A48CE25C32D338A4EEAAD751 /* PrivacyInfo.xcprivacy */; };
		16D048904BC05CBE00116E61 /* HomeSelection.swift in Sources */ = {isa = PBXBuildFile; fileRef = 983DBE8DD37F09BB91FB98BC /* HomeSelection.swift */; };
		14FD289181633D7839DED9A9 /* UITestingLaunchHandler.swift in Sources */ = {isa = PBXBuildFile; fileRef = 6DCD0A5CA01947F6D1448B3C /* UITestingLaunchHandler.swift */; };
		1AF5060CE08C7294B0AF9EBC /* Constants.swift in Sources */ = {isa = PBXBuildFile; fileRef = 4F07824DA86A50BC4B3D3A90 /* Constants.swift */; };
		1CCA7D39F763E8505BC4D6E4 /* SpeedTestService.swift in Sources */ = {isa = PBXBuildFile; fileRef = 151A168B1627D20309C3845C /* SpeedTestService.swift */; };
		200BF9372CBA9919BF76CCC9 /* ConnectionDetailsCard.swift in Sources */ = {isa = PBXBuildFile; fileRef = ADCB3AA278C29F21FEBC5B59 /* ConnectionDetailsCard.swift */; };
		20C220099630FCD193DD47CD /* DiagnosticsView.swift in Sources */ = {isa = PBXBuildFile; fileRef = 2F52BDA6D99420AB01B41D63 /* DiagnosticsView.swift */; };
		20F0D709CC756BF8406120A4 /* SignalMonitorViewModel.swift in Sources */ = {isa = PBXBuildFile; fileRef = 4BB9F72344461E34C08417E9 /* SignalMonitorViewModel.swift */; };
		2DA669E69F6208389ECA671D /* OnboardingSmokeUITests.swift in Sources */ = {isa = PBXBuildFile; fileRef = 070F244B4A735DE35DCE1464 /* OnboardingSmokeUITests.swift */; };
		3950A4D9318365156DCBCDFD /* Extensions.swift in Sources */ = {isa = PBXBuildFile; fileRef = 4F1372FBEBAF633F4C7447B6 /* Extensions.swift */; };
		3A28AF4B2965D94B7293F484 /* ShareBadgeView.swift in Sources */ = {isa = PBXBuildFile; fileRef = 716BC1812F36C67731C84A3A /* ShareBadgeView.swift */; };
		40E3E04250B16BBE9010871C /* BLEDevice.swift in Sources */ = {isa = PBXBuildFile; fileRef = 816F851B465FD6DB5AFA6ADC /* BLEDevice.swift */; };
		42A2FCF5A6BA8D714F0E3B4C /* CoveragePlanningServiceTests.swift in Sources */ = {isa = PBXBuildFile; fileRef = D87E725E36EACB50940A4DEF /* CoveragePlanningServiceTests.swift */; };
		42DE08858D6C0191E24D67C8 /* SignalStrengthIndicator.swift in Sources */ = {isa = PBXBuildFile; fileRef = 02494E5E26839C2F834F074C /* SignalStrengthIndicator.swift */; };
		4350176485651FC074874AA5 /* Foundation.framework in Frameworks */ = {isa = PBXBuildFile; fileRef = 3EC61C751BCD4C1B2FD84491 /* Foundation.framework */; };
		43C14AB10C0873FF715DF504 /* DevicePlacement.swift in Sources */ = {isa = PBXBuildFile; fileRef = 8484DA8A910889456788AB07 /* DevicePlacement.swift */; };
		461BB25B43FC04798B13806C /* GradingServiceTests.swift in Sources */ = {isa = PBXBuildFile; fileRef = 63C1EAAB49D0CD2E723AC0A4 /* GradingServiceTests.swift */; };
		4ABB896A1F5B8CE1097B958C /* BLEService.swift in Sources */ = {isa = PBXBuildFile; fileRef = 4CDFD6FB3A01334099FE986B /* BLEService.swift */; };
		4C556ABBBB68E20DCFE79957 /* HeatmapPoint.swift in Sources */ = {isa = PBXBuildFile; fileRef = A01043A8CD09B79236DA40C3 /* HeatmapPoint.swift */; };
		4CAFFF6DC3B916D498E0A125 /* BLEScannerViewModel.swift in Sources */ = {isa = PBXBuildFile; fileRef = 27B157B51686FF75553B8972 /* BLEScannerViewModel.swift */; };
		4CD7D1DF8C00D8DE38C6F0ED /* RescanHistoryTests.swift in Sources */ = {isa = PBXBuildFile; fileRef = FF2A8A123E42E575AC76598F /* RescanHistoryTests.swift */; };
		4D2E1267637784F0B96411BB /* DashboardView.swift in Sources */ = {isa = PBXBuildFile; fileRef = C1B02265330346AF9A5C4849 /* DashboardView.swift */; };
		4EE2D7E6A9D9BCD92D8CB349 /* SpeedTestView.swift in Sources */ = {isa = PBXBuildFile; fileRef = CFE7F8A469287BFD740898B6 /* SpeedTestView.swift */; };
		559E50BDCBEAE80422B67E02 /* Room.swift in Sources */ = {isa = PBXBuildFile; fileRef = CB746CE09D0B688BF698CFB5 /* Room.swift */; };
		55C06136754AC104C346DF64 /* SettingsView.swift in Sources */ = {isa = PBXBuildFile; fileRef = 3D29673E15F0EE2A1B0A2DFE /* SettingsView.swift */; };
		5F37A16450E68AFCD4B034B7 /* HeatmapViewModel.swift in Sources */ = {isa = PBXBuildFile; fileRef = 8C7198E509D45D6C48146E72 /* HeatmapViewModel.swift */; };
		6908ADD6457BBAB3F7CBCDD0 /* SwiftDataPersistenceTests.swift in Sources */ = {isa = PBXBuildFile; fileRef = 952CA0F4E475B835D3C822EA /* SwiftDataPersistenceTests.swift */; };
		09CF21F8C1392743EEC0D6AD /* ViewSnapshotTests.swift in Sources */ = {isa = PBXBuildFile; fileRef = 281E5C1889AA2A74A409974C /* ViewSnapshotTests.swift */; };
		6DF3221F5BD6F3DC38676936 /* ResultsHomeView.swift in Sources */ = {isa = PBXBuildFile; fileRef = A9FD9F576CF8CF0B2422B10E /* ResultsHomeView.swift */; };
		76C2AE2050B6C98CD70223A9 /* HomeScanHomeView.swift in Sources */ = {isa = PBXBuildFile; fileRef = 9E96D79864195EC85D84217F /* HomeScanHomeView.swift */; };
		78B9226F89233E349178832E /* BLEScannerView.swift in Sources */ = {isa = PBXBuildFile; fileRef = FA1FAC22D4011A3D3BCDE9F2 /* BLEScannerView.swift */; };
		7AA8284C4D9CABB468FFA7B3 /* UserProfile.swift in Sources */ = {isa = PBXBuildFile; fileRef = 86E4B14F8BB821B9216F503C /* UserProfile.swift */; };
		7BBD05B7F65A3FB512F6DF7F /* WalkthroughSetupView.swift in Sources */ = {isa = PBXBuildFile; fileRef = A9F1E1957706CFD1F22E2339 /* WalkthroughSetupView.swift */; };
		7C4E784117BD284FFCB3E9C3 /* Foundation.framework in Frameworks */ = {isa = PBXBuildFile; fileRef = 3EC61C751BCD4C1B2FD84491 /* Foundation.framework */; };
		7E12DAFBFF6734F10996991F /* NetworkMonitorService.swift in Sources */ = {isa = PBXBuildFile; fileRef = 5BC5BAA8441F509AF17B51BF /* NetworkMonitorService.swift */; };
		7F64E1FD97DDC47412AAF4EA /* DiagnosticsViewModel.swift in Sources */ = {isa = PBXBuildFile; fileRef = 3BF3027EE8D6A79856291A73 /* DiagnosticsViewModel.swift */; };
		80DE2969319C599201DAE135 /* HeatmapView.swift in Sources */ = {isa = PBXBuildFile; fileRef = E4ADE93516AE0743B0C4B9B2 /* HeatmapView.swift */; };
		811B96DC27EA1297990212BD /* Formatters.swift in Sources */ = {isa = PBXBuildFile; fileRef = 8352B97F2F1BCABE3F9F8052 /* Formatters.swift */; };
		81F9247C6F613610AEDD61ED /* RoomGeometryTests.swift in Sources */ = {isa = PBXBuildFile; fileRef = 1228A3A353247B82DA4F5E2A /* RoomGeometryTests.swift */; };
		82126DF0C0A82C1645437F77 /* WiFiService.swift in Sources */ = {isa = PBXBuildFile; fileRef = 70BBA0C7FEF4D874A07724F4 /* WiFiService.swift */; };
		826E6CED92D758E7252B8EF9 /* ActionItem.swift in Sources */ = {isa = PBXBuildFile; fileRef = DD11B908F94414CC90B2F195 /* ActionItem.swift */; };
		827845FD997227506885D19C /* AppShell.swift in Sources */ = {isa = PBXBuildFile; fileRef = AC7DFA14503751C57C8681AD /* AppShell.swift */; };
		881848B9DE29D75CF089E15F /* SpeedTestAndGradePersistenceTests.swift in Sources */ = {isa = PBXBuildFile; fileRef = F1D743E664DB083D0452C7B8 /* SpeedTestAndGradePersistenceTests.swift */; };
		8A700CC1DDBB9B1362F652E4 /* SceneKit.framework in Frameworks */ = {isa = PBXBuildFile; fileRef = BB68421AA60D0AD2F51B6D7D /* SceneKit.framework */; };
		92A3EE6CDC3F64AA280F3A11 /* HomeConfiguration.swift in Sources */ = {isa = PBXBuildFile; fileRef = 78AB15F7B4B99B121967634E /* HomeConfiguration.swift */; };
		92ECC1E4F2638D7D1250D5F2 /* DataCollectionService.swift in Sources */ = {isa = PBXBuildFile; fileRef = A34DD1AFE5D3D523C8D0008E /* DataCollectionService.swift */; };
		97C67D56A3FCA9A0868F3969 /* Assets.xcassets in Resources */ = {isa = PBXBuildFile; fileRef = CB299B500D372F2D12208BEC /* Assets.xcassets */; };
		985E6248664B76FF667847C9 /* SignalMonitorView.swift in Sources */ = {isa = PBXBuildFile; fileRef = E902348E8FBC221101D093C5 /* SignalMonitorView.swift */; };
		99DD85BA8F136E014B2F62F9 /* FloorPlanView.swift in Sources */ = {isa = PBXBuildFile; fileRef = B8B2E8829720811153CF6FBC /* FloorPlanView.swift */; };
		9E3B00D17259ACE139087133 /* GuidedWalkthroughView.swift in Sources */ = {isa = PBXBuildFile; fileRef = 44E64FE64D62456C61CE9D1D /* GuidedWalkthroughView.swift */; };
		A36CE82A981E76E03E935721 /* DiagnosticsEngine.swift in Sources */ = {isa = PBXBuildFile; fileRef = 29BE22C53BF4FBA2F4DAAF9E /* DiagnosticsEngine.swift */; };
		AD19EA25A247C0AC1A247CFD /* QuickActionCard.swift in Sources */ = {isa = PBXBuildFile; fileRef = 2B9A2ACC98BFED896A68FF00 /* QuickActionCard.swift */; };
		ADBF9748C6294DB75FB42E2A /* SpaceGrade.swift in Sources */ = {isa = PBXBuildFile; fileRef = 9A0714A0C3FC2902BC79B4B7 /* SpaceGrade.swift */; };
		AF41560F0F9CB4C25FE19B50 /* FullBarsApp.swift in Sources */ = {isa = PBXBuildFile; fileRef = DB5F3343C9C685482CB16F34 /* FullBarsApp.swift */; };
		AFAE3AFBF5B327AC2F4D0890 /* Doorway.swift in Sources */ = {isa = PBXBuildFile; fileRef = BCADDAE24C6FE07E3B0C9862 /* Doorway.swift */; };
		B02B5F12B23F1A2FAA453F66 /* SpeedGaugeView.swift in Sources */ = {isa = PBXBuildFile; fileRef = 6809F01809456884A4A2F622 /* SpeedGaugeView.swift */; };
		B16B4520261B4AC56E7DDBE0 /* GradeReportView.swift in Sources */ = {isa = PBXBuildFile; fileRef = 701AAAA28BC3F68A53624E4D /* GradeReportView.swift */; };
		B3D6D66116CAC1DBB1B4EDB2 /* SpaceGradeView.swift in Sources */ = {isa = PBXBuildFile; fileRef = 24EC764050E10770BD501C32 /* SpaceGradeView.swift */; };
		B67092663C89F6F3AD443429 /* AnimatedRingView.swift in Sources */ = {isa = PBXBuildFile; fileRef = 0DC4C9E44A71E928710C4455 /* AnimatedRingView.swift */; };
		B9FE54C7280AEB897389B86E /* BeforeAfterView.swift in Sources */ = {isa = PBXBuildFile; fileRef = 497FF576A07E17F6DA56FB3E /* BeforeAfterView.swift */; };
		C26FCDA2639EFDA0FBEDB7AE /* WiFiReportCardView.swift in Sources */ = {isa = PBXBuildFile; fileRef = 8CD09AF6E5B599AAC10E6E59 /* WiFiReportCardView.swift */; };
		C4018C05AD16C9D92E358D5C /* HomeSelectionTests.swift in Sources */ = {isa = PBXBuildFile; fileRef = 7A975FB5FA2D201243B11836 /* HomeSelectionTests.swift */; };
		C62277758AAE85AD38989E65 /* DashboardViewModel.swift in Sources */ = {isa = PBXBuildFile; fileRef = 9F2F5BA20E45FCF6AA99C000 /* DashboardViewModel.swift */; };
		CE4A0EB87E561DF8D82C30EF /* PersistenceService.swift in Sources */ = {isa = PBXBuildFile; fileRef = 85E19DE664DFAE524F163BD1 /* PersistenceService.swift */; };
		D1240C8795C6246942520D66 /* ARWalkthroughView.swift in Sources */ = {isa = PBXBuildFile; fileRef = 612EC2D9DC2281B729C6916D /* ARWalkthroughView.swift */; };
		D3258F4438BCC8390587265A /* RoomPlan.framework in Frameworks */ = {isa = PBXBuildFile; fileRef = 3FAF1F36B57242C8165FB625 /* RoomPlan.framework */; settings = {ATTRIBUTES = (Weak, ); }; };
		D46BD48166308928E48AA8EF /* ARSessionService.swift in Sources */ = {isa = PBXBuildFile; fileRef = F67F4E23D507C8569F5CE2D5 /* ARSessionService.swift */; };
		D4B888F43F5313F95E5B83C0 /* RoomScanCoordinator.swift in Sources */ = {isa = PBXBuildFile; fileRef = 087121938FE5F8BB77B75EAE /* RoomScanCoordinator.swift */; };
		D58B4D1AF5853FAA7E67A763 /* HomeConfigurationTests.swift in Sources */ = {isa = PBXBuildFile; fileRef = 438DC0A8078BD894E1B1109B /* HomeConfigurationTests.swift */; };
		D6F65C1065FCC0217868C31E /* HealthScoreView.swift in Sources */ = {isa = PBXBuildFile; fileRef = 3B0F8B26C3EAF8482AE1E601 /* HealthScoreView.swift */; };
		D8893D910F922A48CB29BBE9 /* ActionItemsView.swift in Sources */ = {isa = PBXBuildFile; fileRef = 923DD94D2686BCEB35600034 /* ActionItemsView.swift */; };
		DA3F6679C40C2CF2F430435E /* ShareSheet.swift in Sources */ = {isa = PBXBuildFile; fileRef = 4788CFB599FF24419855A2EC /* ShareSheet.swift */; };
		DB0CA6510A1D6DFC16A05FE9 /* GradingService.swift in Sources */ = {isa = PBXBuildFile; fileRef = CF351B7432994DA8C04F25A6 /* GradingService.swift */; };
		DDF79B8D13BAA409E664E4EE /* ContentView.swift in Sources */ = {isa = PBXBuildFile; fileRef = C4BA6CB25770E020F968073B /* ContentView.swift */; };
		E30E35E06A8F010AD10BC63B /* OnboardingFlow.swift in Sources */ = {isa = PBXBuildFile; fileRef = F27B823D5DFC4626755B0A2C /* OnboardingFlow.swift */; };
		E5E7ED7FCF21E7D487B993EA /* LocationService.swift in Sources */ = {isa = PBXBuildFile; fileRef = A2980493B9EA33C1C4F909CF /* LocationService.swift */; };
		E67AE2E5C226B8BE3572E0B3 /* ProPaywallView.swift in Sources */ = {isa = PBXBuildFile; fileRef = 661060F240F6DA6115A4D1E5 /* ProPaywallView.swift */; };
		E902FE760FF1060C3FB30A37 /* DisplayMode.swift in Sources */ = {isa = PBXBuildFile; fileRef = C1CC6F3571C504FB0BD868DF /* DisplayMode.swift */; };
		E93EDDA1A7F38267471B2B07 /* RoomPlanServiceWrapper.swift in Sources */ = {isa = PBXBuildFile; fileRef = 7354C9C5F647B7D84148133A /* RoomPlanServiceWrapper.swift */; };
		EAAFD0D7B92D85AADD58E231 /* SpeedTestResult.swift in Sources */ = {isa = PBXBuildFile; fileRef = 829FEB2D4C0209402BDB96B1 /* SpeedTestResult.swift */; };
		EAF8F5FB4D65E8311C244DCE /* RoomScanView.swift in Sources */ = {isa = PBXBuildFile; fileRef = E410391DAB8B830FF163CE34 /* RoomScanView.swift */; };
		EFDC21B34F1A9225EA5E6CE1 /* GradeExplainerView.swift in Sources */ = {isa = PBXBuildFile; fileRef = B74592EE18729D800721FF70 /* GradeExplainerView.swift */; };
		F05F2068CDB993579B09349D /* DiagnosticIssue.swift in Sources */ = {isa = PBXBuildFile; fileRef = E831246A98DF38DA3EFBC7B1 /* DiagnosticIssue.swift */; };
		F32B037BE98798705EF329B4 /* SettingsHomeView.swift in Sources */ = {isa = PBXBuildFile; fileRef = D8157E87ECFF9C26C1EA433D /* SettingsHomeView.swift */; };
		F4DE73E830B3886C5B63285C /* WholeHomeCoverageView.swift in Sources */ = {isa = PBXBuildFile; fileRef = 4E34A16586269DCAE71CF316 /* WholeHomeCoverageView.swift */; };
		F512B9F55961A4960C0820C8 /* SettingsViewModel.swift in Sources */ = {isa = PBXBuildFile; fileRef = B1A44D62316527AD3FEDC803 /* SettingsViewModel.swift */; };
		F958C405B1D7BCA400F01817 /* NetworkMetrics.swift in Sources */ = {isa = PBXBuildFile; fileRef = 80ECEC6B090A8C074940D815 /* NetworkMetrics.swift */; };
		F9D0B0D575A9CBC9C8CF3823 /* DiagnosticsEngineTests.swift in Sources */ = {isa = PBXBuildFile; fileRef = 10E34E9D9687C72A4B44077C /* DiagnosticsEngineTests.swift */; };
		FE17439BD2C4195AA2B0582F /* OnboardingView.swift in Sources */ = {isa = PBXBuildFile; fileRef = BB4F630C6F17245DDAFD6ED4 /* OnboardingView.swift */; };
		FECFB0DA064AF1FF6FFD8F3D /* MetricCard.swift in Sources */ = {isa = PBXBuildFile; fileRef = 486732FCD4AF6AEEB9DFE12B /* MetricCard.swift */; };
/* End PBXBuildFile section */

/* Begin PBXContainerItemProxy section */
		8D74867BE88702CA912EACB7 /* PBXContainerItemProxy */ = {
			isa = PBXContainerItemProxy;
			containerPortal = EEF5D4FAE237C00BCCBA814E /* Project object */;
			proxyType = 1;
			remoteGlobalIDString = 53A0018FC380C2D2FFBA8278;
			remoteInfo = FullBars;
		};
		D21CE7B0ABA655698E92DE9B /* PBXContainerItemProxy */ = {
			isa = PBXContainerItemProxy;
			containerPortal = EEF5D4FAE237C00BCCBA814E /* Project object */;
			proxyType = 1;
			remoteGlobalIDString = 53A0018FC380C2D2FFBA8278;
			remoteInfo = FullBars;
		};
/* End PBXContainerItemProxy section */

/* Begin PBXFileReference section */
		02494E5E26839C2F834F074C /* SignalStrengthIndicator.swift */ = {isa = PBXFileReference; lastKnownFileType = sourcecode.swift; path = SignalStrengthIndicator.swift; sourceTree = "<group>"; };
		070F244B4A735DE35DCE1464 /* OnboardingSmokeUITests.swift */ = {isa = PBXFileReference; includeInIndex = 1; lastKnownFileType = sourcecode.swift; path = OnboardingSmokeUITests.swift; sourceTree = "<group>"; };
		087121938FE5F8BB77B75EAE /* RoomScanCoordinator.swift */ = {isa = PBXFileReference; includeInIndex = 1; lastKnownFileType = sourcecode.swift; path = RoomScanCoordinator.swift; sourceTree = "<group>"; };
		0DC4C9E44A71E928710C4455 /* AnimatedRingView.swift */ = {isa = PBXFileReference; lastKnownFileType = sourcecode.swift; path = AnimatedRingView.swift; sourceTree = "<group>"; };
		0F6F3A272F8DF0D200980C7F /* CoverageAnalysis.swift */ = {isa = PBXFileReference; lastKnownFileType = sourcecode.swift; name = CoverageAnalysis.swift; path = Models/CoverageAnalysis.swift; sourceTree = "<group>"; };
		0F6F3A292F8DF11D00980C7F /* CoveragePlanningService.swift */ = {isa = PBXFileReference; lastKnownFileType = sourcecode.swift; name = CoveragePlanningService.swift; path = Services/CoveragePlanningService.swift; sourceTree = "<group>"; };
		0F6F3A2B2F8DF16B00980C7F /* CoveragePlannerView.swift */ = {isa = PBXFileReference; lastKnownFileType = sourcecode.swift; path = CoveragePlannerView.swift; sourceTree = "<group>"; };
		0F6F3A2C2F8DF16B00980C7F /* MultiFloorDeadZoneView.swift */ = {isa = PBXFileReference; lastKnownFileType = sourcecode.swift; path = MultiFloorDeadZoneView.swift; sourceTree = "<group>"; };
		10E34E9D9687C72A4B44077C /* DiagnosticsEngineTests.swift */ = {isa = PBXFileReference; includeInIndex = 1; lastKnownFileType = sourcecode.swift; path = DiagnosticsEngineTests.swift; sourceTree = "<group>"; };
		1228A3A353247B82DA4F5E2A /* RoomGeometryTests.swift */ = {isa = PBXFileReference; includeInIndex = 1; lastKnownFileType = sourcecode.swift; path = RoomGeometryTests.swift; sourceTree = "<group>"; };
		151A168B1627D20309C3845C /* SpeedTestService.swift */ = {isa = PBXFileReference; lastKnownFileType = sourcecode.swift; path = SpeedTestService.swift; sourceTree = "<group>"; };
		15A98AD62B87DF6F3C5DBB37 /* FullBars.entitlements */ = {isa = PBXFileReference; lastKnownFileType = text.plist.entitlements; path = FullBars.entitlements; sourceTree = "<group>"; };
		1A8D6342C13999B1A74DC029 /* RoomDetailView.swift */ = {isa = PBXFileReference; includeInIndex = 1; lastKnownFileType = sourcecode.swift; path = RoomDetailView.swift; sourceTree = "<group>"; };
		2006FD311BDA1127F7DA2526 /* SubscriptionManager.swift */ = {isa = PBXFileReference; lastKnownFileType = sourcecode.swift; path = SubscriptionManager.swift; sourceTree = "<group>"; };
		24EC764050E10770BD501C32 /* SpaceGradeView.swift */ = {isa = PBXFileReference; lastKnownFileType = sourcecode.swift; path = SpaceGradeView.swift; sourceTree = "<group>"; };
		27B157B51686FF75553B8972 /* BLEScannerViewModel.swift */ = {isa = PBXFileReference; lastKnownFileType = sourcecode.swift; path = BLEScannerViewModel.swift; sourceTree = "<group>"; };
		27E8B13F25EC63481CB6A072 /* KeyFlowsUITests.swift */ = {isa = PBXFileReference; includeInIndex = 1; lastKnownFileType = sourcecode.swift; path = KeyFlowsUITests.swift; sourceTree = "<group>"; };
		4FE8A42F4106F2062F8439EF /* PopulatedFlowsUITests.swift */ = {isa = PBXFileReference; includeInIndex = 1; lastKnownFileType = sourcecode.swift; path = PopulatedFlowsUITests.swift; sourceTree = "<group>"; };
		29BE22C53BF4FBA2F4DAAF9E /* DiagnosticsEngine.swift */ = {isa = PBXFileReference; lastKnownFileType = sourcecode.swift; path = DiagnosticsEngine.swift; sourceTree = "<group>"; };
		2B9A2ACC98BFED896A68FF00 /* QuickActionCard.swift */ = {isa = PBXFileReference; lastKnownFileType = sourcecode.swift; path = QuickActionCard.swift; sourceTree = "<group>"; };
		2F52BDA6D99420AB01B41D63 /* DiagnosticsView.swift */ = {isa = PBXFileReference; lastKnownFileType = sourcecode.swift; path = DiagnosticsView.swift; sourceTree = "<group>"; };
		3B0F8B26C3EAF8482AE1E601 /* HealthScoreView.swift */ = {isa = PBXFileReference; lastKnownFileType = sourcecode.swift; path = HealthScoreView.swift; sourceTree = "<group>"; };
		3BF3027EE8D6A79856291A73 /* DiagnosticsViewModel.swift */ = {isa = PBXFileReference; lastKnownFileType = sourcecode.swift; path = DiagnosticsViewModel.swift; sourceTree = "<group>"; };
		3D29673E15F0EE2A1B0A2DFE /* SettingsView.swift */ = {isa = PBXFileReference; lastKnownFileType = sourcecode.swift; path = SettingsView.swift; sourceTree = "<group>"; };
		3EC61C751BCD4C1B2FD84491 /* Foundation.framework */ = {isa = PBXFileReference; lastKnownFileType = wrapper.framework; name = Foundation.framework; path = Platforms/iPhoneOS.platform/Developer/SDKs/iPhoneOS18.0.sdk/System/Library/Frameworks/Foundation.framework; sourceTree = DEVELOPER_DIR; };
		3FAF1F36B57242C8165FB625 /* RoomPlan.framework */ = {isa = PBXFileReference; lastKnownFileType = wrapper.framework; name = RoomPlan.framework; path = System/Library/Frameworks/RoomPlan.framework; sourceTree = SDKROOT; };
		438DC0A8078BD894E1B1109B /* HomeConfigurationTests.swift */ = {isa = PBXFileReference; includeInIndex = 1; lastKnownFileType = sourcecode.swift; path = HomeConfigurationTests.swift; sourceTree = "<group>"; };
		44E64FE64D62456C61CE9D1D /* GuidedWalkthroughView.swift */ = {isa = PBXFileReference; lastKnownFileType = sourcecode.swift; path = GuidedWalkthroughView.swift; sourceTree = "<group>"; };
		4788CFB599FF24419855A2EC /* ShareSheet.swift */ = {isa = PBXFileReference; lastKnownFileType = sourcecode.swift; path = ShareSheet.swift; sourceTree = "<group>"; };
		486732FCD4AF6AEEB9DFE12B /* MetricCard.swift */ = {isa = PBXFileReference; lastKnownFileType = sourcecode.swift; path = MetricCard.swift; sourceTree = "<group>"; };
		497FF576A07E17F6DA56FB3E /* BeforeAfterView.swift */ = {isa = PBXFileReference; lastKnownFileType = sourcecode.swift; path = BeforeAfterView.swift; sourceTree = "<group>"; };
		4BB9F72344461E34C08417E9 /* SignalMonitorViewModel.swift */ = {isa = PBXFileReference; lastKnownFileType = sourcecode.swift; path = SignalMonitorViewModel.swift; sourceTree = "<group>"; };
		4CDFD6FB3A01334099FE986B /* BLEService.swift */ = {isa = PBXFileReference; lastKnownFileType = sourcecode.swift; path = BLEService.swift; sourceTree = "<group>"; };
		4E34A16586269DCAE71CF316 /* WholeHomeCoverageView.swift */ = {isa = PBXFileReference; lastKnownFileType = sourcecode.swift; path = WholeHomeCoverageView.swift; sourceTree = "<group>"; };
		4F07824DA86A50BC4B3D3A90 /* Constants.swift */ = {isa = PBXFileReference; lastKnownFileType = sourcecode.swift; path = Constants.swift; sourceTree = "<group>"; };
		4F1372FBEBAF633F4C7447B6 /* Extensions.swift */ = {isa = PBXFileReference; lastKnownFileType = sourcecode.swift; path = Extensions.swift; sourceTree = "<group>"; };
		5BC5BAA8441F509AF17B51BF /* NetworkMonitorService.swift */ = {isa = PBXFileReference; lastKnownFileType = sourcecode.swift; path = NetworkMonitorService.swift; sourceTree = "<group>"; };
		612EC2D9DC2281B729C6916D /* ARWalkthroughView.swift */ = {isa = PBXFileReference; lastKnownFileType = sourcecode.swift; path = ARWalkthroughView.swift; sourceTree = "<group>"; };
		63C1EAAB49D0CD2E723AC0A4 /* GradingServiceTests.swift */ = {isa = PBXFileReference; includeInIndex = 1; lastKnownFileType = sourcecode.swift; path = GradingServiceTests.swift; sourceTree = "<group>"; };
		661060F240F6DA6115A4D1E5 /* ProPaywallView.swift */ = {isa = PBXFileReference; lastKnownFileType = sourcecode.swift; path = ProPaywallView.swift; sourceTree = "<group>"; };
		6809F01809456884A4A2F622 /* SpeedGaugeView.swift */ = {isa = PBXFileReference; lastKnownFileType = sourcecode.swift; path = SpeedGaugeView.swift; sourceTree = "<group>"; };
		6C07F4B19DD9A1B0983B1CAD /* FullBarsUITests.xctest */ = {isa = PBXFileReference; explicitFileType = wrapper.cfbundle; includeInIndex = 0; path = FullBarsUITests.xctest; sourceTree = BUILT_PRODUCTS_DIR; };
		701AAAA28BC3F68A53624E4D /* GradeReportView.swift */ = {isa = PBXFileReference; lastKnownFileType = sourcecode.swift; path = GradeReportView.swift; sourceTree = "<group>"; };
		70BBA0C7FEF4D874A07724F4 /* WiFiService.swift */ = {isa = PBXFileReference; lastKnownFileType = sourcecode.swift; path = WiFiService.swift; sourceTree = "<group>"; };
		716BC1812F36C67731C84A3A /* ShareBadgeView.swift */ = {isa = PBXFileReference; includeInIndex = 1; lastKnownFileType = sourcecode.swift; path = ShareBadgeView.swift; sourceTree = "<group>"; };
		7354C9C5F647B7D84148133A /* RoomPlanServiceWrapper.swift */ = {isa = PBXFileReference; lastKnownFileType = sourcecode.swift; path = RoomPlanServiceWrapper.swift; sourceTree = "<group>"; };
		77BCAB5958706666F52B1E94 /* ARKit.framework */ = {isa = PBXFileReference; lastKnownFileType = wrapper.framework; name = ARKit.framework; path = System/Library/Frameworks/ARKit.framework; sourceTree = SDKROOT; };
		78AB15F7B4B99B121967634E /* HomeConfiguration.swift */ = {isa = PBXFileReference; includeInIndex = 1; lastKnownFileType = sourcecode.swift; path = HomeConfiguration.swift; sourceTree = "<group>"; };
		7A975FB5FA2D201243B11836 /* HomeSelectionTests.swift */ = {isa = PBXFileReference; includeInIndex = 1; lastKnownFileType = sourcecode.swift; path = HomeSelectionTests.swift; sourceTree = "<group>"; };
		80ECEC6B090A8C074940D815 /* NetworkMetrics.swift */ = {isa = PBXFileReference; lastKnownFileType = sourcecode.swift; path = NetworkMetrics.swift; sourceTree = "<group>"; };
		816F851B465FD6DB5AFA6ADC /* BLEDevice.swift */ = {isa = PBXFileReference; lastKnownFileType = sourcecode.swift; path = BLEDevice.swift; sourceTree = "<group>"; };
		829FEB2D4C0209402BDB96B1 /* SpeedTestResult.swift */ = {isa = PBXFileReference; lastKnownFileType = sourcecode.swift; path = SpeedTestResult.swift; sourceTree = "<group>"; };
		8352B97F2F1BCABE3F9F8052 /* Formatters.swift */ = {isa = PBXFileReference; lastKnownFileType = sourcecode.swift; path = Formatters.swift; sourceTree = "<group>"; };
		8484DA8A910889456788AB07 /* DevicePlacement.swift */ = {isa = PBXFileReference; includeInIndex = 1; lastKnownFileType = sourcecode.swift; path = DevicePlacement.swift; sourceTree = "<group>"; };
		85E19DE664DFAE524F163BD1 /* PersistenceService.swift */ = {isa = PBXFileReference; lastKnownFileType = sourcecode.swift; path = PersistenceService.swift; sourceTree = "<group>"; };
		86E4B14F8BB821B9216F503C /* UserProfile.swift */ = {isa = PBXFileReference; lastKnownFileType = sourcecode.swift; path = UserProfile.swift; sourceTree = "<group>"; };
		8C699E25105D25DD7C8F69F0 /* SpeedTestViewModel.swift */ = {isa = PBXFileReference; lastKnownFileType = sourcecode.swift; path = SpeedTestViewModel.swift; sourceTree = "<group>"; };
		8C7198E509D45D6C48146E72 /* HeatmapViewModel.swift */ = {isa = PBXFileReference; lastKnownFileType = sourcecode.swift; path = HeatmapViewModel.swift; sourceTree = "<group>"; };
		8CD09AF6E5B599AAC10E6E59 /* WiFiReportCardView.swift */ = {isa = PBXFileReference; lastKnownFileType = sourcecode.swift; path = WiFiReportCardView.swift; sourceTree = "<group>"; };
		923DD94D2686BCEB35600034 /* ActionItemsView.swift */ = {isa = PBXFileReference; lastKnownFileType = sourcecode.swift; path = ActionItemsView.swift; sourceTree = "<group>"; };
		952CA0F4E475B835D3C822EA /* SwiftDataPersistenceTests.swift */ = {isa = PBXFileReference; includeInIndex = 1; lastKnownFileType = sourcecode.swift; path = SwiftDataPersistenceTests.swift; sourceTree = "<group>"; };
		281E5C1889AA2A74A409974C /* ViewSnapshotTests.swift */ = {isa = PBXFileReference; includeInIndex = 1; lastKnownFileType = sourcecode.swift; path = ViewSnapshotTests.swift; sourceTree = "<group>"; };
		983DBE8DD37F09BB91FB98BC /* HomeSelection.swift */ = {isa = PBXFileReference; includeInIndex = 1; lastKnownFileType = sourcecode.swift; path = HomeSelection.swift; sourceTree = "<group>"; };
		6DCD0A5CA01947F6D1448B3C /* UITestingLaunchHandler.swift */ = {isa = PBXFileReference; includeInIndex = 1; lastKnownFileType = sourcecode.swift; path = UITestingLaunchHandler.swift; sourceTree = "<group>"; };
		9A0714A0C3FC2902BC79B4B7 /* SpaceGrade.swift */ = {isa = PBXFileReference; lastKnownFileType = sourcecode.swift; path = SpaceGrade.swift; sourceTree = "<group>"; };
		9E96D79864195EC85D84217F /* HomeScanHomeView.swift */ = {isa = PBXFileReference; includeInIndex = 1; lastKnownFileType = sourcecode.swift; path = HomeScanHomeView.swift; sourceTree = "<group>"; };
		9F2F5BA20E45FCF6AA99C000 /* DashboardViewModel.swift */ = {isa = PBXFileReference; lastKnownFileType = sourcecode.swift; path = DashboardViewModel.swift; sourceTree = "<group>"; };
		A01043A8CD09B79236DA40C3 /* HeatmapPoint.swift */ = {isa = PBXFileReference; lastKnownFileType = sourcecode.swift; path = HeatmapPoint.swift; sourceTree = "<group>"; };
		A2980493B9EA33C1C4F909CF /* LocationService.swift */ = {isa = PBXFileReference; lastKnownFileType = sourcecode.swift; path = LocationService.swift; sourceTree = "<group>"; };
		A34DD1AFE5D3D523C8D0008E /* DataCollectionService.swift */ = {isa = PBXFileReference; lastKnownFileType = sourcecode.swift; path = DataCollectionService.swift; sourceTree = "<group>"; };
		A48CE25C32D338A4EEAAD751 /* PrivacyInfo.xcprivacy */ = {isa = PBXFileReference; lastKnownFileType = text.xml; path = PrivacyInfo.xcprivacy; sourceTree = "<group>"; };
		A9F1E1957706CFD1F22E2339 /* WalkthroughSetupView.swift */ = {isa = PBXFileReference; lastKnownFileType = sourcecode.swift; path = WalkthroughSetupView.swift; sourceTree = "<group>"; };
		A9FD9F576CF8CF0B2422B10E /* ResultsHomeView.swift */ = {isa = PBXFileReference; includeInIndex = 1; lastKnownFileType = sourcecode.swift; path = ResultsHomeView.swift; sourceTree = "<group>"; };
		AC7DFA14503751C57C8681AD /* AppShell.swift */ = {isa = PBXFileReference; includeInIndex = 1; lastKnownFileType = sourcecode.swift; path = AppShell.swift; sourceTree = "<group>"; };
		ADCB3AA278C29F21FEBC5B59 /* ConnectionDetailsCard.swift */ = {isa = PBXFileReference; lastKnownFileType = sourcecode.swift; path = ConnectionDetailsCard.swift; sourceTree = "<group>"; };
		AE22516DFBE7647D58418C03 /* FullBarsTests.xctest */ = {isa = PBXFileReference; explicitFileType = wrapper.cfbundle; includeInIndex = 0; path = FullBarsTests.xctest; sourceTree = BUILT_PRODUCTS_DIR; };
		B1A44D62316527AD3FEDC803 /* SettingsViewModel.swift */ = {isa = PBXFileReference; lastKnownFileType = sourcecode.swift; path = SettingsViewModel.swift; sourceTree = "<group>"; };
		B472F1E559AC349CE9927716 /* Info.plist */ = {isa = PBXFileReference; lastKnownFileType = text.plist; path = Info.plist; sourceTree = "<group>"; };
		B74592EE18729D800721FF70 /* GradeExplainerView.swift */ = {isa = PBXFileReference; lastKnownFileType = sourcecode.swift; path = GradeExplainerView.swift; sourceTree = "<group>"; };
		B8B2E8829720811153CF6FBC /* FloorPlanView.swift */ = {isa = PBXFileReference; lastKnownFileType = sourcecode.swift; path = FloorPlanView.swift; sourceTree = "<group>"; };
		BB4F630C6F17245DDAFD6ED4 /* OnboardingView.swift */ = {isa = PBXFileReference; lastKnownFileType = sourcecode.swift; path = OnboardingView.swift; sourceTree = "<group>"; };
		BB68421AA60D0AD2F51B6D7D /* SceneKit.framework */ = {isa = PBXFileReference; lastKnownFileType = wrapper.framework; name = SceneKit.framework; path = System/Library/Frameworks/SceneKit.framework; sourceTree = SDKROOT; };
		BCADDAE24C6FE07E3B0C9862 /* Doorway.swift */ = {isa = PBXFileReference; includeInIndex = 1; lastKnownFileType = sourcecode.swift; path = Doorway.swift; sourceTree = "<group>"; };
		C1B02265330346AF9A5C4849 /* DashboardView.swift */ = {isa = PBXFileReference; lastKnownFileType = sourcecode.swift; path = DashboardView.swift; sourceTree = "<group>"; };
		C1CC6F3571C504FB0BD868DF /* DisplayMode.swift */ = {isa = PBXFileReference; lastKnownFileType = sourcecode.swift; path = DisplayMode.swift; sourceTree = "<group>"; };
		C4BA6CB25770E020F968073B /* ContentView.swift */ = {isa = PBXFileReference; lastKnownFileType = sourcecode.swift; path = ContentView.swift; sourceTree = "<group>"; };
		CB299B500D372F2D12208BEC /* Assets.xcassets */ = {isa = PBXFileReference; lastKnownFileType = folder.assetcatalog; path = Assets.xcassets; sourceTree = "<group>"; };
		CB746CE09D0B688BF698CFB5 /* Room.swift */ = {isa = PBXFileReference; includeInIndex = 1; lastKnownFileType = sourcecode.swift; path = Room.swift; sourceTree = "<group>"; };
		CF351B7432994DA8C04F25A6 /* GradingService.swift */ = {isa = PBXFileReference; lastKnownFileType = sourcecode.swift; path = GradingService.swift; sourceTree = "<group>"; };
		CFE7F8A469287BFD740898B6 /* SpeedTestView.swift */ = {isa = PBXFileReference; lastKnownFileType = sourcecode.swift; path = SpeedTestView.swift; sourceTree = "<group>"; };
		D8157E87ECFF9C26C1EA433D /* SettingsHomeView.swift */ = {isa = PBXFileReference; includeInIndex = 1; lastKnownFileType = sourcecode.swift; path = SettingsHomeView.swift; sourceTree = "<group>"; };
		D87E725E36EACB50940A4DEF /* CoveragePlanningServiceTests.swift */ = {isa = PBXFileReference; includeInIndex = 1; lastKnownFileType = sourcecode.swift; path = CoveragePlanningServiceTests.swift; sourceTree = "<group>"; };
		DB5F3343C9C685482CB16F34 /* FullBarsApp.swift */ = {isa = PBXFileReference; lastKnownFileType = sourcecode.swift; path = FullBarsApp.swift; sourceTree = "<group>"; };
		DD11B908F94414CC90B2F195 /* ActionItem.swift */ = {isa = PBXFileReference; lastKnownFileType = sourcecode.swift; path = ActionItem.swift; sourceTree = "<group>"; };
		DFE78C559F7DAB931CE82269 /* FullBars.app */ = {isa = PBXFileReference; explicitFileType = wrapper.application; includeInIndex = 0; path = FullBars.app; sourceTree = BUILT_PRODUCTS_DIR; };
		E410391DAB8B830FF163CE34 /* RoomScanView.swift */ = {isa = PBXFileReference; includeInIndex = 1; lastKnownFileType = sourcecode.swift; path = RoomScanView.swift; sourceTree = "<group>"; };
		E4ADE93516AE0743B0C4B9B2 /* HeatmapView.swift */ = {isa = PBXFileReference; lastKnownFileType = sourcecode.swift; path = HeatmapView.swift; sourceTree = "<group>"; };
		E831246A98DF38DA3EFBC7B1 /* DiagnosticIssue.swift */ = {isa = PBXFileReference; lastKnownFileType = sourcecode.swift; path = DiagnosticIssue.swift; sourceTree = "<group>"; };
		E902348E8FBC221101D093C5 /* SignalMonitorView.swift */ = {isa = PBXFileReference; lastKnownFileType = sourcecode.swift; path = SignalMonitorView.swift; sourceTree = "<group>"; };
		F1D743E664DB083D0452C7B8 /* SpeedTestAndGradePersistenceTests.swift */ = {isa = PBXFileReference; includeInIndex = 1; lastKnownFileType = sourcecode.swift; path = SpeedTestAndGradePersistenceTests.swift; sourceTree = "<group>"; };
		F27B823D5DFC4626755B0A2C /* OnboardingFlow.swift */ = {isa = PBXFileReference; includeInIndex = 1; lastKnownFileType = sourcecode.swift; path = OnboardingFlow.swift; sourceTree = "<group>"; };
		F5A80D765AD2DE5EC87EF06E /* SignalTrendsView.swift */ = {isa = PBXFileReference; lastKnownFileType = sourcecode.swift; path = SignalTrendsView.swift; sourceTree = "<group>"; };
		F67F4E23D507C8569F5CE2D5 /* ARSessionService.swift */ = {isa = PBXFileReference; lastKnownFileType = sourcecode.swift; path = ARSessionService.swift; sourceTree = "<group>"; };
		FA1FAC22D4011A3D3BCDE9F2 /* BLEScannerView.swift */ = {isa = PBXFileReference; lastKnownFileType = sourcecode.swift; path = BLEScannerView.swift; sourceTree = "<group>"; };
		FF2A8A123E42E575AC76598F /* RescanHistoryTests.swift */ = {isa = PBXFileReference; includeInIndex = 1; lastKnownFileType = sourcecode.swift; path = RescanHistoryTests.swift; sourceTree = "<group>"; };
/* End PBXFileReference section */

/* Begin PBXFrameworksBuildPhase section */
		1D1617BC0DBD285175D91EF5 /* Frameworks */ = {
			isa = PBXFrameworksBuildPhase;
			buildActionMask = 2147483647;
			files = (
				7C4E784117BD284FFCB3E9C3 /* Foundation.framework in Frameworks */,
			);
			runOnlyForDeploymentPostprocessing = 0;
		};
		416DFF1266D3F2FCC297F743 /* Frameworks */ = {
			isa = PBXFrameworksBuildPhase;
			buildActionMask = 2147483647;
			files = (
				4350176485651FC074874AA5 /* Foundation.framework in Frameworks */,
			);
			runOnlyForDeploymentPostprocessing = 0;
		};
		F779B8DF061EDA46A158D835 /* Frameworks */ = {
			isa = PBXFrameworksBuildPhase;
			buildActionMask = 2147483647;
			files = (
				10D16D0A86B9005770C5EFC3 /* ARKit.framework in Frameworks */,
				8A700CC1DDBB9B1362F652E4 /* SceneKit.framework in Frameworks */,
				D3258F4438BCC8390587265A /* RoomPlan.framework in Frameworks */,
			);
			runOnlyForDeploymentPostprocessing = 0;
		};
/* End PBXFrameworksBuildPhase section */

/* Begin PBXGroup section */
		08706B1CF19756F441516B4B /* BLEScanner */ = {
			isa = PBXGroup;
			children = (
				FA1FAC22D4011A3D3BCDE9F2 /* BLEScannerView.swift */,
			);
			path = BLEScanner;
			sourceTree = "<group>";
		};
		0C887922A616ECF5915D361E /* Comparison */ = {
			isa = PBXGroup;
			children = (
				497FF576A07E17F6DA56FB3E /* BeforeAfterView.swift */,
			);
			path = Comparison;
			sourceTree = "<group>";
		};
		0EE6CD0E348D933FABB09919 /* Models */ = {
			isa = PBXGroup;
			children = (
				DD11B908F94414CC90B2F195 /* ActionItem.swift */,
				816F851B465FD6DB5AFA6ADC /* BLEDevice.swift */,
				E831246A98DF38DA3EFBC7B1 /* DiagnosticIssue.swift */,
				C1CC6F3571C504FB0BD868DF /* DisplayMode.swift */,
				A01043A8CD09B79236DA40C3 /* HeatmapPoint.swift */,
				80ECEC6B090A8C074940D815 /* NetworkMetrics.swift */,
				9A0714A0C3FC2902BC79B4B7 /* SpaceGrade.swift */,
				829FEB2D4C0209402BDB96B1 /* SpeedTestResult.swift */,
				86E4B14F8BB821B9216F503C /* UserProfile.swift */,
				78AB15F7B4B99B121967634E /* HomeConfiguration.swift */,
				CB746CE09D0B688BF698CFB5 /* Room.swift */,
				BCADDAE24C6FE07E3B0C9862 /* Doorway.swift */,
				8484DA8A910889456788AB07 /* DevicePlacement.swift */,
			);
			path = Models;
			sourceTree = "<group>";
		};
		0F6F3A2D2F8DF16B00980C7F /* CoveragePlanner */ = {
			isa = PBXGroup;
			children = (
				0F6F3A2B2F8DF16B00980C7F /* CoveragePlannerView.swift */,
				0F6F3A2C2F8DF16B00980C7F /* MultiFloorDeadZoneView.swift */,
			);
			name = CoveragePlanner;
			path = Views/CoveragePlanner;
			sourceTree = "<group>";
		};
		14196535F4A3E63D56B58013 /* Utilities */ = {
			isa = PBXGroup;
			children = (
				4F07824DA86A50BC4B3D3A90 /* Constants.swift */,
				4F1372FBEBAF633F4C7447B6 /* Extensions.swift */,
				8352B97F2F1BCABE3F9F8052 /* Formatters.swift */,
				983DBE8DD37F09BB91FB98BC /* HomeSelection.swift */,
				6DCD0A5CA01947F6D1448B3C /* UITestingLaunchHandler.swift */,
			);
			path = Utilities;
			sourceTree = "<group>";
		};
		19586C91AB6A91D1E2139E13 /* iOS */ = {
			isa = PBXGroup;
			children = (
				3EC61C751BCD4C1B2FD84491 /* Foundation.framework */,
			);
			name = iOS;
			sourceTree = "<group>";
		};
		1A0C340A571A5BA1ABB7C5BC /* SpeedTest */ = {
			isa = PBXGroup;
			children = (
				6809F01809456884A4A2F622 /* SpeedGaugeView.swift */,
				CFE7F8A469287BFD740898B6 /* SpeedTestView.swift */,
			);
			path = SpeedTest;
			sourceTree = "<group>";
		};
		1D562374D84588E22200FF9D = {
			isa = PBXGroup;
			children = (
				48D9AEFEF225BE878D90DC77 /* FullBars */,
				AEAF98E380955348B5437A9B /* Frameworks */,
				C98ACB07C4FF483B192A36F6 /* Products */,
			);
			sourceTree = "<group>";
		};
		22A4A1F63BC07BB47783CF0C /* Unit */ = {
			isa = PBXGroup;
			children = (
				FF2A8A123E42E575AC76598F /* RescanHistoryTests.swift */,
				7A975FB5FA2D201243B11836 /* HomeSelectionTests.swift */,
				1228A3A353247B82DA4F5E2A /* RoomGeometryTests.swift */,
				438DC0A8078BD894E1B1109B /* HomeConfigurationTests.swift */,
				63C1EAAB49D0CD2E723AC0A4 /* GradingServiceTests.swift */,
				10E34E9D9687C72A4B44077C /* DiagnosticsEngineTests.swift */,
				D87E725E36EACB50940A4DEF /* CoveragePlanningServiceTests.swift */,
			);
			name = Unit;
			path = Unit;
			sourceTree = "<group>";
		};
		23541C4D06753111199921AF /* ViewModels */ = {
			isa = PBXGroup;
			children = (
				27B157B51686FF75553B8972 /* BLEScannerViewModel.swift */,
				9F2F5BA20E45FCF6AA99C000 /* DashboardViewModel.swift */,
				3BF3027EE8D6A79856291A73 /* DiagnosticsViewModel.swift */,
				8C7198E509D45D6C48146E72 /* HeatmapViewModel.swift */,
				B1A44D62316527AD3FEDC803 /* SettingsViewModel.swift */,
				4BB9F72344461E34C08417E9 /* SignalMonitorViewModel.swift */,
				8C699E25105D25DD7C8F69F0 /* SpeedTestViewModel.swift */,
			);
			path = ViewModels;
			sourceTree = "<group>";
		};
		25B3A21B8E6B58449096ED02 /* Integration */ = {
			isa = PBXGroup;
			children = (
				952CA0F4E475B835D3C822EA /* SwiftDataPersistenceTests.swift */,
				F1D743E664DB083D0452C7B8 /* SpeedTestAndGradePersistenceTests.swift */,
			);
			name = Integration;
			path = Integration;
			sourceTree = "<group>";
		};
		1F4A9EE381921437EED9F0AA /* Snapshots */ = {
			isa = PBXGroup;
			children = (
				281E5C1889AA2A74A409974C /* ViewSnapshotTests.swift */,
			);
			name = Snapshots;
			path = Snapshots;
			sourceTree = "<group>";
		};
		2CEF2545B6B7FFA13ABF21AB /* ActionItems */ = {
			isa = PBXGroup;
			children = (
				923DD94D2686BCEB35600034 /* ActionItemsView.swift */,
			);
			path = ActionItems;
			sourceTree = "<group>";
		};
		328BEB5AE56B54A012B313F1 /* ReportCard */ = {
			isa = PBXGroup;
			children = (
				8CD09AF6E5B599AAC10E6E59 /* WiFiReportCardView.swift */,
			);
			path = ReportCard;
			sourceTree = "<group>";
		};
		3311E32D62F1BB7006C96F33 /* SignalMonitor */ = {
			isa = PBXGroup;
			children = (
				E902348E8FBC221101D093C5 /* SignalMonitorView.swift */,
			);
			path = SignalMonitor;
			sourceTree = "<group>";
		};
		48D9AEFEF225BE878D90DC77 /* FullBars */ = {
			isa = PBXGroup;
			children = (
				0F6F3A2D2F8DF16B00980C7F /* CoveragePlanner */,
				0F6F3A292F8DF11D00980C7F /* CoveragePlanningService.swift */,
				0F6F3A272F8DF0D200980C7F /* CoverageAnalysis.swift */,
				CB299B500D372F2D12208BEC /* Assets.xcassets */,
				C4BA6CB25770E020F968073B /* ContentView.swift */,
				15A98AD62B87DF6F3C5DBB37 /* FullBars.entitlements */,
				DB5F3343C9C685482CB16F34 /* FullBarsApp.swift */,
				B472F1E559AC349CE9927716 /* Info.plist */,
				A48CE25C32D338A4EEAAD751 /* PrivacyInfo.xcprivacy */,
				0EE6CD0E348D933FABB09919 /* Models */,
				D430000E37CEE1D60D3CCB80 /* Services */,
				14196535F4A3E63D56B58013 /* Utilities */,
				23541C4D06753111199921AF /* ViewModels */,
				F2ADA1C9EAFC2A78570E5104 /* Views */,
				76565EFA0C6B34CA929F8AE3 /* Tests */,
			);
			path = FullBars;
			sourceTree = "<group>";
		};
		4F81E3EA09BFC2CAC68CBD83 /* Settings */ = {
			isa = PBXGroup;
			children = (
				3D29673E15F0EE2A1B0A2DFE /* SettingsView.swift */,
				D8157E87ECFF9C26C1EA433D /* SettingsHomeView.swift */,
			);
			path = Settings;
			sourceTree = "<group>";
		};
		507AC8C34E9BD68E5852D06E /* Components */ = {
			isa = PBXGroup;
			children = (
				0DC4C9E44A71E928710C4455 /* AnimatedRingView.swift */,
				486732FCD4AF6AEEB9DFE12B /* MetricCard.swift */,
				4788CFB599FF24419855A2EC /* ShareSheet.swift */,
				02494E5E26839C2F834F074C /* SignalStrengthIndicator.swift */,
				4E34A16586269DCAE71CF316 /* WholeHomeCoverageView.swift */,
			);
			path = Components;
			sourceTree = "<group>";
		};
		58413A9A2D1DB2C451476AA9 /* Results */ = {
			isa = PBXGroup;
			children = (
				A9FD9F576CF8CF0B2422B10E /* ResultsHomeView.swift */,
				1A8D6342C13999B1A74DC029 /* RoomDetailView.swift */,
				716BC1812F36C67731C84A3A /* ShareBadgeView.swift */,
			);
			path = Results;
			sourceTree = "<group>";
		};
		76565EFA0C6B34CA929F8AE3 /* Tests */ = {
			isa = PBXGroup;
			children = (
				22A4A1F63BC07BB47783CF0C /* Unit */,
				25B3A21B8E6B58449096ED02 /* Integration */,
				1F4A9EE381921437EED9F0AA /* Snapshots */,
				8C75B4E1C6736CBDF99CA0EC /* UI */,
			);
			name = Tests;
			path = Tests;
			sourceTree = "<group>";
		};
		7CA4A4198BD60FDF2B3100E9 /* Onboarding */ = {
			isa = PBXGroup;
			children = (
				BB4F630C6F17245DDAFD6ED4 /* OnboardingView.swift */,
				661060F240F6DA6115A4D1E5 /* ProPaywallView.swift */,
				F27B823D5DFC4626755B0A2C /* OnboardingFlow.swift */,
			);
			path = Onboarding;
			sourceTree = "<group>";
		};
		81383F98921D5FA6A71A7F5C /* Grading */ = {
			isa = PBXGroup;
			children = (
				B74592EE18729D800721FF70 /* GradeExplainerView.swift */,
				701AAAA28BC3F68A53624E4D /* GradeReportView.swift */,
				24EC764050E10770BD501C32 /* SpaceGradeView.swift */,
			);
			path = Grading;
			sourceTree = "<group>";
		};
		8C7267ECC1D9EB6A01BEAB47 /* HomeScan */ = {
			isa = PBXGroup;
			children = (
				9E96D79864195EC85D84217F /* HomeScanHomeView.swift */,
				E410391DAB8B830FF163CE34 /* RoomScanView.swift */,
			);
			path = HomeScan;
			sourceTree = "<group>";
		};
		8C75B4E1C6736CBDF99CA0EC /* UI */ = {
			isa = PBXGroup;
			children = (
				070F244B4A735DE35DCE1464 /* OnboardingSmokeUITests.swift */,
				27E8B13F25EC63481CB6A072 /* KeyFlowsUITests.swift */,
				4FE8A42F4106F2062F8439EF /* PopulatedFlowsUITests.swift */,
			);
			name = UI;
			path = UI;
			sourceTree = "<group>";
		};
		9412AA9EF1D938A9FD66EE73 /* Heatmap */ = {
			isa = PBXGroup;
			children = (
				612EC2D9DC2281B729C6916D /* ARWalkthroughView.swift */,
				B8B2E8829720811153CF6FBC /* FloorPlanView.swift */,
				E4ADE93516AE0743B0C4B9B2 /* HeatmapView.swift */,
				A9F1E1957706CFD1F22E2339 /* WalkthroughSetupView.swift */,
			);
			path = Heatmap;
			sourceTree = "<group>";
		};
		A8FD6DE825377FD53C3FCB75 /* Diagnostics */ = {
			isa = PBXGroup;
			children = (
				2F52BDA6D99420AB01B41D63 /* DiagnosticsView.swift */,
			);
			path = Diagnostics;
			sourceTree = "<group>";
		};
		AEAF98E380955348B5437A9B /* Frameworks */ = {
			isa = PBXGroup;
			children = (
				77BCAB5958706666F52B1E94 /* ARKit.framework */,
				3FAF1F36B57242C8165FB625 /* RoomPlan.framework */,
				BB68421AA60D0AD2F51B6D7D /* SceneKit.framework */,
				19586C91AB6A91D1E2139E13 /* iOS */,
			);
			name = Frameworks;
			sourceTree = "<group>";
		};
		C78C2B8F081EF1AEEB9FA0A5 /* Trends */ = {
			isa = PBXGroup;
			children = (
				F5A80D765AD2DE5EC87EF06E /* SignalTrendsView.swift */,
			);
			path = Trends;
			sourceTree = "<group>";
		};
		C98ACB07C4FF483B192A36F6 /* Products */ = {
			isa = PBXGroup;
			children = (
				DFE78C559F7DAB931CE82269 /* FullBars.app */,
				AE22516DFBE7647D58418C03 /* FullBarsTests.xctest */,
				6C07F4B19DD9A1B0983B1CAD /* FullBarsUITests.xctest */,
			);
			name = Products;
			sourceTree = "<group>";
		};
		D33CAD0BEA1736347EF6084B /* Walkthrough */ = {
			isa = PBXGroup;
			children = (
				44E64FE64D62456C61CE9D1D /* GuidedWalkthroughView.swift */,
			);
			path = Walkthrough;
			sourceTree = "<group>";
		};
		D430000E37CEE1D60D3CCB80 /* Services */ = {
			isa = PBXGroup;
			children = (
				F67F4E23D507C8569F5CE2D5 /* ARSessionService.swift */,
				4CDFD6FB3A01334099FE986B /* BLEService.swift */,
				A34DD1AFE5D3D523C8D0008E /* DataCollectionService.swift */,
				29BE22C53BF4FBA2F4DAAF9E /* DiagnosticsEngine.swift */,
				CF351B7432994DA8C04F25A6 /* GradingService.swift */,
				A2980493B9EA33C1C4F909CF /* LocationService.swift */,
				5BC5BAA8441F509AF17B51BF /* NetworkMonitorService.swift */,
				85E19DE664DFAE524F163BD1 /* PersistenceService.swift */,
				7354C9C5F647B7D84148133A /* RoomPlanServiceWrapper.swift */,
				151A168B1627D20309C3845C /* SpeedTestService.swift */,
				2006FD311BDA1127F7DA2526 /* SubscriptionManager.swift */,
				70BBA0C7FEF4D874A07724F4 /* WiFiService.swift */,
				087121938FE5F8BB77B75EAE /* RoomScanCoordinator.swift */,
			);
			path = Services;
			sourceTree = "<group>";
		};
		D4A739D1B5E82BE266C9ADA8 /* Dashboard */ = {
			isa = PBXGroup;
			children = (
				ADCB3AA278C29F21FEBC5B59 /* ConnectionDetailsCard.swift */,
				C1B02265330346AF9A5C4849 /* DashboardView.swift */,
				3B0F8B26C3EAF8482AE1E601 /* HealthScoreView.swift */,
				2B9A2ACC98BFED896A68FF00 /* QuickActionCard.swift */,
			);
			path = Dashboard;
			sourceTree = "<group>";
		};
		F2ADA1C9EAFC2A78570E5104 /* Views */ = {
			isa = PBXGroup;
			children = (
				2CEF2545B6B7FFA13ABF21AB /* ActionItems */,
				08706B1CF19756F441516B4B /* BLEScanner */,
				0C887922A616ECF5915D361E /* Comparison */,
				507AC8C34E9BD68E5852D06E /* Components */,
				D4A739D1B5E82BE266C9ADA8 /* Dashboard */,
				A8FD6DE825377FD53C3FCB75 /* Diagnostics */,
				81383F98921D5FA6A71A7F5C /* Grading */,
				9412AA9EF1D938A9FD66EE73 /* Heatmap */,
				7CA4A4198BD60FDF2B3100E9 /* Onboarding */,
				328BEB5AE56B54A012B313F1 /* ReportCard */,
				4F81E3EA09BFC2CAC68CBD83 /* Settings */,
				3311E32D62F1BB7006C96F33 /* SignalMonitor */,
				1A0C340A571A5BA1ABB7C5BC /* SpeedTest */,
				C78C2B8F081EF1AEEB9FA0A5 /* Trends */,
				D33CAD0BEA1736347EF6084B /* Walkthrough */,
				AC7DFA14503751C57C8681AD /* AppShell.swift */,
				8C7267ECC1D9EB6A01BEAB47 /* HomeScan */,
				58413A9A2D1DB2C451476AA9 /* Results */,
			);
			path = Views;
			sourceTree = "<group>";
		};
/* End PBXGroup section */

/* Begin PBXNativeTarget section */
		1031A088B9DDC6F62A6DEBBE /* FullBarsTests */ = {
			isa = PBXNativeTarget;
			buildConfigurationList = 305AB36747A70082708152C9 /* Build configuration list for PBXNativeTarget "FullBarsTests" */;
			buildPhases = (
				D03C28561ABA67D10FC33452 /* Sources */,
				1D1617BC0DBD285175D91EF5 /* Frameworks */,
				9F9465B0F35101E8EC6ABF53 /* Resources */,
			);
			buildRules = (
			);
			dependencies = (
				ED735D32F7939D942A67621C /* PBXTargetDependency */,
			);
			name = FullBarsTests;
			productName = FullBarsTests;
			productReference = AE22516DFBE7647D58418C03 /* FullBarsTests.xctest */;
			productType = "com.apple.product-type.bundle.unit-test";
		};
		53A0018FC380C2D2FFBA8278 /* FullBars */ = {
			isa = PBXNativeTarget;
			buildConfigurationList = 2E5CFBBC4F6E709B1C9C40C1 /* Build configuration list for PBXNativeTarget "FullBars" */;
			buildPhases = (
				C0486B813308ACAA77AA6B87 /* Sources */,
				8C1471BADE579865FFDA59AC /* Resources */,
				F779B8DF061EDA46A158D835 /* Frameworks */,
			);
			buildRules = (
			);
			dependencies = (
			);
			name = FullBars;
			productName = FullBars;
			productReference = DFE78C559F7DAB931CE82269 /* FullBars.app */;
			productType = "com.apple.product-type.application";
		};
		D4C48ED60863DBB0236F3B00 /* FullBarsUITests */ = {
			isa = PBXNativeTarget;
			buildConfigurationList = A736FD9FCFFA750D296CCFF4 /* Build configuration list for PBXNativeTarget "FullBarsUITests" */;
			buildPhases = (
				8F400B53FD26821FB307BC76 /* Sources */,
				416DFF1266D3F2FCC297F743 /* Frameworks */,
				E980F4D53DEB261C8DA3195D /* Resources */,
			);
			buildRules = (
			);
			dependencies = (
				9C6E5A92C9D55D53EEDDAEA7 /* PBXTargetDependency */,
			);
			name = FullBarsUITests;
			productName = FullBarsUITests;
			productReference = 6C07F4B19DD9A1B0983B1CAD /* FullBarsUITests.xctest */;
			productType = "com.apple.product-type.bundle.ui-testing";
		};
/* End PBXNativeTarget section */

/* Begin PBXProject section */
		EEF5D4FAE237C00BCCBA814E /* Project object */ = {
			isa = PBXProject;
			attributes = {
				BuildIndependentTargetsInParallel = YES;
				LastUpgradeCheck = 1640;
			};
			buildConfigurationList = 3620702CEC80812CEFCFC7D1 /* Build configuration list for PBXProject "FullBars" */;
			developmentRegion = en;
			hasScannedForEncodings = 0;
			knownRegions = (
				Base,
				en,
			);
			mainGroup = 1D562374D84588E22200FF9D;
			minimizedProjectReferenceProxies = 1;
			preferredProjectObjectVersion = 77;
			productRefGroup = C98ACB07C4FF483B192A36F6 /* Products */;
			projectDirPath = "";
			projectRoot = "";
			targets = (
				53A0018FC380C2D2FFBA8278 /* FullBars */,
				1031A088B9DDC6F62A6DEBBE /* FullBarsTests */,
				D4C48ED60863DBB0236F3B00 /* FullBarsUITests */,
			);
		};
/* End PBXProject section */

/* Begin PBXResourcesBuildPhase section */
		8C1471BADE579865FFDA59AC /* Resources */ = {
			isa = PBXResourcesBuildPhase;
			buildActionMask = 2147483647;
			files = (
				97C67D56A3FCA9A0868F3969 /* Assets.xcassets in Resources */,
				14AB5A23826BAC68767BACDB /* PrivacyInfo.xcprivacy in Resources */,
			);
			runOnlyForDeploymentPostprocessing = 0;
		};
		9F9465B0F35101E8EC6ABF53 /* Resources */ = {
			isa = PBXResourcesBuildPhase;
			buildActionMask = 2147483647;
			files = (
			);
			runOnlyForDeploymentPostprocessing = 0;
		};
		E980F4D53DEB261C8DA3195D /* Resources */ = {
			isa = PBXResourcesBuildPhase;
			buildActionMask = 2147483647;
			files = (
			);
			runOnlyForDeploymentPostprocessing = 0;
		};
/* End PBXResourcesBuildPhase section */

/* Begin PBXSourcesBuildPhase section */
		8F400B53FD26821FB307BC76 /* Sources */ = {
			isa = PBXSourcesBuildPhase;
			buildActionMask = 2147483647;
			files = (
				2DA669E69F6208389ECA671D /* OnboardingSmokeUITests.swift in Sources */,
				0C44E8F4FA365180EEC9B575 /* KeyFlowsUITests.swift in Sources */,
				3F7A4D410EDC2F884D10C45B /* PopulatedFlowsUITests.swift in Sources */,
			);
			runOnlyForDeploymentPostprocessing = 0;
		};
		C0486B813308ACAA77AA6B87 /* Sources */ = {
			isa = PBXSourcesBuildPhase;
			buildActionMask = 2147483647;
			files = (
				D46BD48166308928E48AA8EF /* ARSessionService.swift in Sources */,
				D1240C8795C6246942520D66 /* ARWalkthroughView.swift in Sources */,
				826E6CED92D758E7252B8EF9 /* ActionItem.swift in Sources */,
				D8893D910F922A48CB29BBE9 /* ActionItemsView.swift in Sources */,
				0F6F3A282F8DF0D200980C7F /* CoverageAnalysis.swift in Sources */,
				B67092663C89F6F3AD443429 /* AnimatedRingView.swift in Sources */,
				40E3E04250B16BBE9010871C /* BLEDevice.swift in Sources */,
				78B9226F89233E349178832E /* BLEScannerView.swift in Sources */,
				4CAFFF6DC3B916D498E0A125 /* BLEScannerViewModel.swift in Sources */,
				4ABB896A1F5B8CE1097B958C /* BLEService.swift in Sources */,
				B9FE54C7280AEB897389B86E /* BeforeAfterView.swift in Sources */,
				200BF9372CBA9919BF76CCC9 /* ConnectionDetailsCard.swift in Sources */,
				1AF5060CE08C7294B0AF9EBC /* Constants.swift in Sources */,
				DDF79B8D13BAA409E664E4EE /* ContentView.swift in Sources */,
				4D2E1267637784F0B96411BB /* DashboardView.swift in Sources */,
				C62277758AAE85AD38989E65 /* DashboardViewModel.swift in Sources */,
				92ECC1E4F2638D7D1250D5F2 /* DataCollectionService.swift in Sources */,
				F05F2068CDB993579B09349D /* DiagnosticIssue.swift in Sources */,
				A36CE82A981E76E03E935721 /* DiagnosticsEngine.swift in Sources */,
				20C220099630FCD193DD47CD /* DiagnosticsView.swift in Sources */,
				7F64E1FD97DDC47412AAF4EA /* DiagnosticsViewModel.swift in Sources */,
				E902FE760FF1060C3FB30A37 /* DisplayMode.swift in Sources */,
				3950A4D9318365156DCBCDFD /* Extensions.swift in Sources */,
				99DD85BA8F136E014B2F62F9 /* FloorPlanView.swift in Sources */,
				811B96DC27EA1297990212BD /* Formatters.swift in Sources */,
				AF41560F0F9CB4C25FE19B50 /* FullBarsApp.swift in Sources */,
				EFDC21B34F1A9225EA5E6CE1 /* GradeExplainerView.swift in Sources */,
				0F6F3A2E2F8DF16B00980C7F /* MultiFloorDeadZoneView.swift in Sources */,
				0F6F3A2F2F8DF16B00980C7F /* CoveragePlannerView.swift in Sources */,
				B16B4520261B4AC56E7DDBE0 /* GradeReportView.swift in Sources */,
				DB0CA6510A1D6DFC16A05FE9 /* GradingService.swift in Sources */,
				9E3B00D17259ACE139087133 /* GuidedWalkthroughView.swift in Sources */,
				D6F65C1065FCC0217868C31E /* HealthScoreView.swift in Sources */,
				4C556ABBBB68E20DCFE79957 /* HeatmapPoint.swift in Sources */,
				80DE2969319C599201DAE135 /* HeatmapView.swift in Sources */,
				5F37A16450E68AFCD4B034B7 /* HeatmapViewModel.swift in Sources */,
				E5E7ED7FCF21E7D487B993EA /* LocationService.swift in Sources */,
				FECFB0DA064AF1FF6FFD8F3D /* MetricCard.swift in Sources */,
				F958C405B1D7BCA400F01817 /* NetworkMetrics.swift in Sources */,
				7E12DAFBFF6734F10996991F /* NetworkMonitorService.swift in Sources */,
				FE17439BD2C4195AA2B0582F /* OnboardingView.swift in Sources */,
				CE4A0EB87E561DF8D82C30EF /* PersistenceService.swift in Sources */,
				E67AE2E5C226B8BE3572E0B3 /* ProPaywallView.swift in Sources */,
				AD19EA25A247C0AC1A247CFD /* QuickActionCard.swift in Sources */,
				E93EDDA1A7F38267471B2B07 /* RoomPlanServiceWrapper.swift in Sources */,
				55C06136754AC104C346DF64 /* SettingsView.swift in Sources */,
				0F6F3A2A2F8DF11D00980C7F /* CoveragePlanningService.swift in Sources */,
				F512B9F55961A4960C0820C8 /* SettingsViewModel.swift in Sources */,
				DA3F6679C40C2CF2F430435E /* ShareSheet.swift in Sources */,
				985E6248664B76FF667847C9 /* SignalMonitorView.swift in Sources */,
				20F0D709CC756BF8406120A4 /* SignalMonitorViewModel.swift in Sources */,
				42DE08858D6C0191E24D67C8 /* SignalStrengthIndicator.swift in Sources */,
				03FEAE8A6D0A69A0E0CA7752 /* SignalTrendsView.swift in Sources */,
				ADBF9748C6294DB75FB42E2A /* SpaceGrade.swift in Sources */,
				B3D6D66116CAC1DBB1B4EDB2 /* SpaceGradeView.swift in Sources */,
				B02B5F12B23F1A2FAA453F66 /* SpeedGaugeView.swift in Sources */,
				EAAFD0D7B92D85AADD58E231 /* SpeedTestResult.swift in Sources */,
				1CCA7D39F763E8505BC4D6E4 /* SpeedTestService.swift in Sources */,
				4EE2D7E6A9D9BCD92D8CB349 /* SpeedTestView.swift in Sources */,
				06A9C79F1F48FDD275E10469 /* SpeedTestViewModel.swift in Sources */,
				1405F993291878E28990466D /* SubscriptionManager.swift in Sources */,
				7AA8284C4D9CABB468FFA7B3 /* UserProfile.swift in Sources */,
				7BBD05B7F65A3FB512F6DF7F /* WalkthroughSetupView.swift in Sources */,
				F4DE73E830B3886C5B63285C /* WholeHomeCoverageView.swift in Sources */,
				C26FCDA2639EFDA0FBEDB7AE /* WiFiReportCardView.swift in Sources */,
				82126DF0C0A82C1645437F77 /* WiFiService.swift in Sources */,
				92A3EE6CDC3F64AA280F3A11 /* HomeConfiguration.swift in Sources */,
				559E50BDCBEAE80422B67E02 /* Room.swift in Sources */,
				AFAE3AFBF5B327AC2F4D0890 /* Doorway.swift in Sources */,
				43C14AB10C0873FF715DF504 /* DevicePlacement.swift in Sources */,
				D4B888F43F5313F95E5B83C0 /* RoomScanCoordinator.swift in Sources */,
				16D048904BC05CBE00116E61 /* HomeSelection.swift in Sources */,
				14FD289181633D7839DED9A9 /* UITestingLaunchHandler.swift in Sources */,
				827845FD997227506885D19C /* AppShell.swift in Sources */,
				76C2AE2050B6C98CD70223A9 /* HomeScanHomeView.swift in Sources */,
				EAF8F5FB4D65E8311C244DCE /* RoomScanView.swift in Sources */,
				E30E35E06A8F010AD10BC63B /* OnboardingFlow.swift in Sources */,
				6DF3221F5BD6F3DC38676936 /* ResultsHomeView.swift in Sources */,
				103F96BBD54B81F948044B2C /* RoomDetailView.swift in Sources */,
				3A28AF4B2965D94B7293F484 /* ShareBadgeView.swift in Sources */,
				F32B037BE98798705EF329B4 /* SettingsHomeView.swift in Sources */,
			);
			runOnlyForDeploymentPostprocessing = 0;
		};
		D03C28561ABA67D10FC33452 /* Sources */ = {
			isa = PBXSourcesBuildPhase;
			buildActionMask = 2147483647;
			files = (
				4CD7D1DF8C00D8DE38C6F0ED /* RescanHistoryTests.swift in Sources */,
				C4018C05AD16C9D92E358D5C /* HomeSelectionTests.swift in Sources */,
				81F9247C6F613610AEDD61ED /* RoomGeometryTests.swift in Sources */,
				D58B4D1AF5853FAA7E67A763 /* HomeConfigurationTests.swift in Sources */,
				6908ADD6457BBAB3F7CBCDD0 /* SwiftDataPersistenceTests.swift in Sources */,
				09CF21F8C1392743EEC0D6AD /* ViewSnapshotTests.swift in Sources */,
				461BB25B43FC04798B13806C /* GradingServiceTests.swift in Sources */,
				F9D0B0D575A9CBC9C8CF3823 /* DiagnosticsEngineTests.swift in Sources */,
				42A2FCF5A6BA8D714F0E3B4C /* CoveragePlanningServiceTests.swift in Sources */,
				881848B9DE29D75CF089E15F /* SpeedTestAndGradePersistenceTests.swift in Sources */,
			);
			runOnlyForDeploymentPostprocessing = 0;
		};
/* End PBXSourcesBuildPhase section */

/* Begin PBXTargetDependency section */
		9C6E5A92C9D55D53EEDDAEA7 /* PBXTargetDependency */ = {
			isa = PBXTargetDependency;
			name = FullBars;
			target = 53A0018FC380C2D2FFBA8278 /* FullBars */;
			targetProxy = D21CE7B0ABA655698E92DE9B /* PBXContainerItemProxy */;
		};
		ED735D32F7939D942A67621C /* PBXTargetDependency */ = {
			isa = PBXTargetDependency;
			name = FullBars;
			target = 53A0018FC380C2D2FFBA8278 /* FullBars */;
			targetProxy = 8D74867BE88702CA912EACB7 /* PBXContainerItemProxy */;
		};
/* End PBXTargetDependency section */

/* Begin XCBuildConfiguration section */
		460CC60D3598CCC04058F214 /* Debug */ = {
			isa = XCBuildConfiguration;
			buildSettings = {
				CLANG_ENABLE_OBJC_WEAK = NO;
				GENERATE_INFOPLIST_FILE = YES;
				INFOPLIST_FILE = "";
				IPHONEOS_DEPLOYMENT_TARGET = 17.0;
				PRODUCT_BUNDLE_IDENTIFIER = com.fullbars.FullBarsUITests;
				PRODUCT_MODULE_NAME = FullBarsUITests;
				PRODUCT_NAME = FullBarsUITests;
				SDKROOT = iphoneos;
				SWIFT_VERSION = 5.0;
				TARGETED_DEVICE_FAMILY = "1,2";
				TEST_TARGET_NAME = FullBars;
			};
			name = Debug;
		};
		491FA031C7BC9457FBE74211 /* Debug */ = {
			isa = XCBuildConfiguration;
			buildSettings = {
				ASSETCATALOG_COMPILER_APPICON_NAME = AppIcon;
				CODE_SIGN_ENTITLEMENTS = FullBars/FullBars.entitlements;
				CODE_SIGN_IDENTITY = "Apple Development";
				CODE_SIGN_STYLE = Automatic;
				DEVELOPMENT_TEAM = 7588DAA645;
				INFOPLIST_FILE = FullBars/Info.plist;
				LD_RUNPATH_SEARCH_PATHS = (
					"$(inherited)",
					"@executable_path/Frameworks",
				);
				PRODUCT_BUNDLE_IDENTIFIER = com.fullbars.app;
				PRODUCT_NAME = FullBars;
				PROVISIONING_PROFILE_SPECIFIER = "";
				SDKROOT = iphoneos;
				SUPPORTS_XR_DESIGNED_FOR_IPHONE_IPAD = YES;
				TARGETED_DEVICE_FAMILY = "1,2";
			};
			name = Debug;
		};
		5AAC6F7697DF091AE05B4B73 /* Debug */ = {
			isa = XCBuildConfiguration;
			buildSettings = {
				BUNDLE_LOADER = "$(TEST_HOST)";
				CLANG_ENABLE_OBJC_WEAK = NO;
				GENERATE_INFOPLIST_FILE = YES;
				INFOPLIST_FILE = "";
				IPHONEOS_DEPLOYMENT_TARGET = 17.0;
				PRODUCT_BUNDLE_IDENTIFIER = com.fullbars.FullBarsTests;
				PRODUCT_MODULE_NAME = FullBarsTests;
				PRODUCT_NAME = FullBarsTests;
				SDKROOT = iphoneos;
				SWIFT_VERSION = 5.0;
				TARGETED_DEVICE_FAMILY = "1,2";
				TEST_HOST = "$(BUILT_PRODUCTS_DIR)/FullBars.app/$(BUNDLE_EXECUTABLE_FOLDER_PATH)/FullBars";
			};
			name = Debug;
		};
		75703B678E8D8F1FA8BF32E6 /* Release */ = {
			isa = XCBuildConfiguration;
			buildSettings = {
				BUNDLE_LOADER = "$(TEST_HOST)";
				CLANG_ENABLE_OBJC_WEAK = NO;
				GENERATE_INFOPLIST_FILE = YES;
				INFOPLIST_FILE = "";
				IPHONEOS_DEPLOYMENT_TARGET = 17.0;
				PRODUCT_BUNDLE_IDENTIFIER = com.fullbars.FullBarsTests;
				PRODUCT_MODULE_NAME = FullBarsTests;
				PRODUCT_NAME = FullBarsTests;
				SDKROOT = iphoneos;
				SWIFT_VERSION = 5.0;
				TARGETED_DEVICE_FAMILY = "1,2";
				TEST_HOST = "$(BUILT_PRODUCTS_DIR)/FullBars.app/$(BUNDLE_EXECUTABLE_FOLDER_PATH)/FullBars";
				VALIDATE_PRODUCT = YES;
			};
			name = Release;
		};
		7CB2EE4BA2DD5EBCCFB00327 /* Debug */ = {
			isa = XCBuildConfiguration;
			buildSettings = {
				ALWAYS_SEARCH_USER_PATHS = NO;
				ASSETCATALOG_COMPILER_APPICON_NAME = AppIcon;
				ASSETCATALOG_COMPILER_GLOBAL_ACCENT_COLOR_NAME = AccentColor;
				CLANG_ANALYZER_NONNULL = YES;
				CLANG_ANALYZER_NUMBER_OBJECT_CONVERSION = YES_AGGRESSIVE;
				CLANG_CXX_LANGUAGE_STANDARD = "gnu++14";
				CLANG_CXX_LIBRARY = "libc++";
				CLANG_ENABLE_MODULES = YES;
				CLANG_ENABLE_OBJC_ARC = YES;
				CLANG_ENABLE_OBJC_WEAK = YES;
				CLANG_WARN_BLOCK_CAPTURE_AUTORELEASING = YES;
				CLANG_WARN_BOOL_CONVERSION = YES;
				CLANG_WARN_COMMA = YES;
				CLANG_WARN_CONSTANT_CONVERSION = YES;
				CLANG_WARN_DEPRECATED_OBJC_IMPLEMENTATIONS = YES;
				CLANG_WARN_DIRECT_OBJC_ISA_USAGE = YES_ERROR;
				CLANG_WARN_DOCUMENTATION_COMMENTS = YES;
				CLANG_WARN_EMPTY_BODY = YES;
				CLANG_WARN_ENUM_CONVERSION = YES;
				CLANG_WARN_INFINITE_RECURSION = YES;
				CLANG_WARN_INT_CONVERSION = YES;
				CLANG_WARN_NON_LITERAL_NULL_CONVERSION = YES;
				CLANG_WARN_OBJC_IMPLICIT_RETAIN_SELF = YES;
				CLANG_WARN_OBJC_LITERAL_CONVERSION = YES;
				CLANG_WARN_OBJC_ROOT_CLASS = YES_ERROR;
				CLANG_WARN_QUOTED_INCLUDE_IN_FRAMEWORK_HEADER = YES;
				CLANG_WARN_RANGE_LOOP_ANALYSIS = YES;
				CLANG_WARN_STRICT_PROTOTYPES = YES;
				CLANG_WARN_SUSPICIOUS_MOVE = YES;
				CLANG_WARN_UNGUARDED_AVAILABILITY = YES_AGGRESSIVE;
				CLANG_WARN_UNREACHABLE_CODE = YES;
				CLANG_WARN__DUPLICATE_METHOD_MATCH = YES;
				CODE_SIGN_IDENTITY = "Apple Development";
				CODE_SIGN_STYLE = Automatic;
				COPY_PHASE_STRIP = NO;
				CURRENT_PROJECT_VERSION = 1;
				DEBUG_INFORMATION_FORMAT = dwarf;
				DEVELOPMENT_TEAM = 7588DAA645;
				ENABLE_PREVIEWS = YES;
				ENABLE_STRICT_OBJC_MSGSEND = YES;
				ENABLE_TESTABILITY = YES;
				ENABLE_USER_SCRIPT_SANDBOXING = YES;
				GCC_C_LANGUAGE_STANDARD = gnu11;
				GCC_DYNAMIC_NO_PIC = NO;
				GCC_NO_COMMON_BLOCKS = YES;
				GCC_OPTIMIZATION_LEVEL = 0;
				GCC_PREPROCESSOR_DEFINITIONS = (
					"$(inherited)",
					"DEBUG=1",
				);
				GCC_WARN_64_TO_32_BIT_CONVERSION = YES;
				GCC_WARN_ABOUT_RETURN_TYPE = YES_ERROR;
				GCC_WARN_UNDECLARED_SELECTOR = YES;
				GCC_WARN_UNINITIALIZED_AUTOS = YES_AGGRESSIVE;
				GCC_WARN_UNUSED_FUNCTION = YES;
				GCC_WARN_UNUSED_VARIABLE = YES;
				INFOPLIST_FILE = FullBars/Info.plist;
				IPHONEOS_DEPLOYMENT_TARGET = 17.0;
				MARKETING_VERSION = 1.0.0;
				MTL_ENABLE_DEBUG_INFO = INCLUDE_SOURCE;
				MTL_FAST_MATH = YES;
				ONLY_ACTIVE_ARCH = YES;
				PRODUCT_BUNDLE_IDENTIFIER = com.fullbars.app;
				PRODUCT_NAME = FullBars;
				SDKROOT = iphoneos;
				SWIFT_ACTIVE_COMPILATION_CONDITIONS = DEBUG;
				SWIFT_OPTIMIZATION_LEVEL = "-Onone";
				SWIFT_VERSION = 5.9;
			};
			name = Debug;
		};
		7F9D61B05425F38F40ADB009 /* Release */ = {
			isa = XCBuildConfiguration;
			buildSettings = {
				ASSETCATALOG_COMPILER_APPICON_NAME = AppIcon;
				CODE_SIGN_ENTITLEMENTS = FullBars/FullBars.entitlements;
				CODE_SIGN_IDENTITY = "Apple Development";
				CODE_SIGN_STYLE = Automatic;
				DEVELOPMENT_TEAM = 7588DAA645;
				INFOPLIST_FILE = FullBars/Info.plist;
				LD_RUNPATH_SEARCH_PATHS = (
					"$(inherited)",
					"@executable_path/Frameworks",
				);
				PRODUCT_BUNDLE_IDENTIFIER = com.fullbars.app;
				PRODUCT_NAME = FullBars;
				PROVISIONING_PROFILE_SPECIFIER = "";
				SDKROOT = iphoneos;
				SUPPORTS_XR_DESIGNED_FOR_IPHONE_IPAD = YES;
				TARGETED_DEVICE_FAMILY = "1,2";
			};
			name = Release;
		};
		A7AC0C68D01E1EE9078B0E98 /* Release */ = {
			isa = XCBuildConfiguration;
			buildSettings = {
				CLANG_ENABLE_OBJC_WEAK = NO;
				GENERATE_INFOPLIST_FILE = YES;
				INFOPLIST_FILE = "";
				IPHONEOS_DEPLOYMENT_TARGET = 17.0;
				PRODUCT_BUNDLE_IDENTIFIER = com.fullbars.FullBarsUITests;
				PRODUCT_MODULE_NAME = FullBarsUITests;
				PRODUCT_NAME = FullBarsUITests;
				SDKROOT = iphoneos;
				SWIFT_VERSION = 5.0;
				TARGETED_DEVICE_FAMILY = "1,2";
				TEST_TARGET_NAME = FullBars;
				VALIDATE_PRODUCT = YES;
			};
			name = Release;
		};
		C9754A931FB034B8E5FDB3DA /* Release */ = {
			isa = XCBuildConfiguration;
			buildSettings = {
				ALWAYS_SEARCH_USER_PATHS = NO;
				ASSETCATALOG_COMPILER_APPICON_NAME = AppIcon;
				ASSETCATALOG_COMPILER_GLOBAL_ACCENT_COLOR_NAME = AccentColor;
				CLANG_ANALYZER_NONNULL = YES;
				CLANG_ANALYZER_NUMBER_OBJECT_CONVERSION = YES_AGGRESSIVE;
				CLANG_CXX_LANGUAGE_STANDARD = "gnu++14";
				CLANG_CXX_LIBRARY = "libc++";
				CLANG_ENABLE_MODULES = YES;
				CLANG_ENABLE_OBJC_ARC = YES;
				CLANG_ENABLE_OBJC_WEAK = YES;
				CLANG_WARN_BLOCK_CAPTURE_AUTORELEASING = YES;
				CLANG_WARN_BOOL_CONVERSION = YES;
				CLANG_WARN_COMMA = YES;
				CLANG_WARN_CONSTANT_CONVERSION = YES;
				CLANG_WARN_DEPRECATED_OBJC_IMPLEMENTATIONS = YES;
				CLANG_WARN_DIRECT_OBJC_ISA_USAGE = YES_ERROR;
				CLANG_WARN_DOCUMENTATION_COMMENTS = YES;
				CLANG_WARN_EMPTY_BODY = YES;
				CLANG_WARN_ENUM_CONVERSION = YES;
				CLANG_WARN_INFINITE_RECURSION = YES;
				CLANG_WARN_INT_CONVERSION = YES;
				CLANG_WARN_NON_LITERAL_NULL_CONVERSION = YES;
				CLANG_WARN_OBJC_IMPLICIT_RETAIN_SELF = YES;
				CLANG_WARN_OBJC_LITERAL_CONVERSION = YES;
				CLANG_WARN_OBJC_ROOT_CLASS = YES_ERROR;
				CLANG_WARN_QUOTED_INCLUDE_IN_FRAMEWORK_HEADER = YES;
				CLANG_WARN_RANGE_LOOP_ANALYSIS = YES;
				CLANG_WARN_STRICT_PROTOTYPES = YES;
				CLANG_WARN_SUSPICIOUS_MOVE = YES;
				CLANG_WARN_UNGUARDED_AVAILABILITY = YES_AGGRESSIVE;
				CLANG_WARN_UNREACHABLE_CODE = YES;
				CLANG_WARN__DUPLICATE_METHOD_MATCH = YES;
				CODE_SIGN_IDENTITY = "Apple Development";
				CODE_SIGN_STYLE = Automatic;
				COPY_PHASE_STRIP = NO;
				CURRENT_PROJECT_VERSION = 1;
				DEBUG_INFORMATION_FORMAT = "dwarf-with-dsym";
				DEVELOPMENT_TEAM = 7588DAA645;
				ENABLE_NS_ASSERTIONS = NO;
				ENABLE_PREVIEWS = YES;
				ENABLE_STRICT_OBJC_MSGSEND = YES;
				ENABLE_USER_SCRIPT_SANDBOXING = YES;
				GCC_C_LANGUAGE_STANDARD = gnu11;
				GCC_NO_COMMON_BLOCKS = YES;
				GCC_WARN_64_TO_32_BIT_CONVERSION = YES;
				GCC_WARN_ABOUT_RETURN_TYPE = YES_ERROR;
				GCC_WARN_UNDECLARED_SELECTOR = YES;
				GCC_WARN_UNINITIALIZED_AUTOS = YES_AGGRESSIVE;
				GCC_WARN_UNUSED_FUNCTION = YES;
				GCC_WARN_UNUSED_VARIABLE = YES;
				INFOPLIST_FILE = FullBars/Info.plist;
				IPHONEOS_DEPLOYMENT_TARGET = 17.0;
				MARKETING_VERSION = 1.0.0;
				MTL_ENABLE_DEBUG_INFO = NO;
				MTL_FAST_MATH = YES;
				PRODUCT_BUNDLE_IDENTIFIER = com.fullbars.app;
				PRODUCT_NAME = FullBars;
				SDKROOT = iphoneos;
				SWIFT_COMPILATION_MODE = wholemodule;
				SWIFT_OPTIMIZATION_LEVEL = "-O";
				SWIFT_VERSION = 5.9;
			};
			name = Release;
		};
/* End XCBuildConfiguration section */

/* Begin XCConfigurationList section */
		2E5CFBBC4F6E709B1C9C40C1 /* Build configuration list for PBXNativeTarget "FullBars" */ = {
			isa = XCConfigurationList;
			buildConfigurations = (
				491FA031C7BC9457FBE74211 /* Debug */,
				7F9D61B05425F38F40ADB009 /* Release */,
			);
			defaultConfigurationIsVisible = 0;
			defaultConfigurationName = Debug;
		};
		305AB36747A70082708152C9 /* Build configuration list for PBXNativeTarget "FullBarsTests" */ = {
			isa = XCConfigurationList;
			buildConfigurations = (
				75703B678E8D8F1FA8BF32E6 /* Release */,
				5AAC6F7697DF091AE05B4B73 /* Debug */,
			);
			defaultConfigurationIsVisible = 0;
			defaultConfigurationName = Release;
		};
		3620702CEC80812CEFCFC7D1 /* Build configuration list for PBXProject "FullBars" */ = {
			isa = XCConfigurationList;
			buildConfigurations = (
				7CB2EE4BA2DD5EBCCFB00327 /* Debug */,
				C9754A931FB034B8E5FDB3DA /* Release */,
			);
			defaultConfigurationIsVisible = 0;
			defaultConfigurationName = Debug;
		};
		A736FD9FCFFA750D296CCFF4 /* Build configuration list for PBXNativeTarget "FullBarsUITests" */ = {
			isa = XCConfigurationList;
			buildConfigurations = (
				A7AC0C68D01E1EE9078B0E98 /* Release */,
				460CC60D3598CCC04058F214 /* Debug */,
			);
			defaultConfigurationIsVisible = 0;
			defaultConfigurationName = Release;
		};
/* End XCConfigurationList section */
	};
	rootObject = EEF5D4FAE237C00BCCBA814E /* Project object */;
}
